{
  "pins" : [
    {
      "identity" : "colorizeswift",
      "kind" : "remoteSourceControl",
      "location" : "https://github.com/mtynior/ColorizeSwift.git",
      "state" : {
        "revision" : "2a354639173d021f4648cf1912b2b00a3a7cd83c",
        "version" : "1.6.0"
      }
    },
    {
      "identity" : "curry",
      "kind" : "remoteSourceControl",
      "location" : "https://github.com/thoughtbot/Curry.git",
      "state" : {
        "revision" : "4331dd50bc1db007db664a23f32e6f3df93d4e1a",
        "version" : "4.0.2"
      }
    },
    {
      "identity" : "files",
      "kind" : "remoteSourceControl",
      "location" : "https://github.com/JohnSundell/Files",
      "state" : {
        "revision" : "d273b5b7025d386feef79ef6bad7de762e106eaf",
        "version" : "4.2.0"
      }
    },
    {
      "identity" : "flatten",
      "kind" : "remoteSourceControl",
      "location" : "https://github.com/YusukeHosonuma/Flatten.git",
      "state" : {
        "revision" : "5286148aa255f57863e0d7e2b827ca6b91677051",
        "version" : "0.1.0"
      }
    },
    {
      "identity" : "identity",
      "kind" : "remoteSourceControl",
      "location" : "https://github.com/JohnSundell/Identity",
      "state" : {
        "revision" : "c3c9102e8d5c2cfcc44a8c7c4bbb7cf3f7c12be9",
        "version" : "0.3.0"
      }
    },
    {
      "identity" : "progress.swift",
      "kind" : "remoteSourceControl",
      "location" : "https://github.com/jkandzi/Progress.swift",
      "state" : {
        "revision" : "fed6598735d7982058690acf8f52a0a5fdaeb3e0",
        "version" : "0.4.0"
      }
    },
    {
      "identity" : "shlist",
      "kind" : "remoteSourceControl",
      "location" : "https://github.com/YusukeHosonuma/SHList.git",
      "state" : {
        "revision" : "6c61f5382dd07a64d76bc8b7fad8cec0d8a4ff7a",
        "version" : "0.1.0"
      }
    },
    {
      "identity" : "swift-argument-parser",
      "kind" : "remoteSourceControl",
      "location" : "https://github.com/apple/swift-argument-parser",
      "state" : {
        "revision" : "fee6933f37fde9a5e12a1e4aeaa93fe60116ff2a",
        "version" : "1.2.2"
      }
    },
    {
      "identity" : "swift-case-paths",
      "kind" : "remoteSourceControl",
      "location" : "https://github.com/pointfreeco/swift-case-paths",
      "state" : {
        "revision" : "870133b7b2387df136ad301ec67b2e864b51dda1",
        "version" : "0.14.0"
      }
    },
    {
      "identity" : "swift-custom-dump",
      "kind" : "remoteSourceControl",
      "location" : "https://github.com/pointfreeco/swift-custom-dump",
      "state" : {
        "revision" : "de8ba65649e7ee317b9daf27dd5eebf34bd4be57",
        "version" : "0.9.1"
      }
    },
    {
      "identity" : "swift-parsing",
      "kind" : "remoteSourceControl",
      "location" : "https://github.com/pointfreeco/swift-parsing",
      "state" : {
        "revision" : "4bb9192468c1a8be57f46b7d6fd4f561c88b2195",
        "version" : "0.11.0"
      }
    },
    {
      "identity" : "swiftparamtest",
      "kind" : "remoteSourceControl",
      "location" : "https://github.com/YusukeHosonuma/SwiftParamTest.git",
      "state" : {
        "revision" : "f513e1dbbdd86e2ca2b672537f4bcb4417f94c27",
        "version" : "2.2.1"
      }
    },
    {
      "identity" : "swiftprettyprint",
      "kind" : "remoteSourceControl",
      "location" : "https://github.com/YusukeHosonuma/SwiftPrettyPrint.git",
      "state" : {
        "revision" : "1ad0d60150ae89c95846a736cb71cf322c8c8610",
        "version" : "1.4.0"
      }
    },
    {
      "identity" : "xctest-dynamic-overlay",
      "kind" : "remoteSourceControl",
      "location" : "https://github.com/pointfreeco/xctest-dynamic-overlay",
      "state" : {
        "revision" : "ab8c9f45843694dd16be4297e6d44c0634fd9913",
        "version" : "0.8.4"
      }
    }
  ],
  "version" : 2
}
